
Microsoft Visual Studio Solution File, Format Version 12.00
# Visual Studio 15
VisualStudioVersion = 15.0.26430.13
MinimumVisualStudioVersion = 10.0.40219.1
Project("{FAE04EC0-301F-11D3-BF4B-00C04F79EFBC}") = "Task8", "Task8\Task8.csproj", "{D00A1600-330D-4451-BCF3-9F3A1CD7DD34}"
EndProject
Global
	GlobalSection(SolutionConfigurationPlatforms) = preSolution
		Debug|Any CPU = Debug|Any CPU
		Release|Any CPU = Release|Any CPU
	EndGlobalSection
	GlobalSection(ProjectConfigurationPlatforms) = postSolution
		{D00A1600-330D-4451-BCF3-9F3A1CD7DD34}.Debug|Any CPU.ActiveCfg = Debug|Any CPU
		{D00A1600-330D-4451-BCF3-9F3A1CD7DD34}.Debug|Any CPU.Build.0 = Debug|Any CPU
		{D00A1600-330D-4451-BCF3-9F3A1CD7DD34}.Release|Any CPU.ActiveCfg = Release|Any CPU
		{D00A1600-330D-4451-BCF3-9F3A1CD7DD34}.Release|Any CPU.Build.0 = Release|Any CPU
	EndGlobalSection
	GlobalSection(SolutionProperties) = preSolution
		HideSolutionNode = FALSE
	EndGlobalSection
EndGlobal
